
Microsoft Visual Studio Solution File, Format Version 12.00
# Visual Studio Version 16
VisualStudioVersion = 16.0.29613.14
MinimumVisualStudioVersion = 10.0.40219.1
Project("{FAE04EC0-301F-11D3-BF4B-00C04F79EFBC}") = "Practical 8", "Practical 8\Practical 8.csproj", "{AD67D3F8-3BB8-421E-82AF-9F3C67E341B8}"
EndProject
Global
	GlobalSection(SolutionConfigurationPlatforms) = preSolution
		Debug|Any CPU = Debug|Any CPU
		Release|Any CPU = Release|Any CPU
	EndGlobalSection
	GlobalSection(ProjectConfigurationPlatforms) = postSolution
		{AD67D3F8-3BB8-421E-82AF-9F3C67E341B8}.Debug|Any CPU.ActiveCfg = Debug|Any CPU
		{AD67D3F8-3BB8-421E-82AF-9F3C67E341B8}.Debug|Any CPU.Build.0 = Debug|Any CPU
		{AD67D3F8-3BB8-421E-82AF-9F3C67E341B8}.Release|Any CPU.ActiveCfg = Release|Any CPU
		{AD67D3F8-3BB8-421E-82AF-9F3C67E341B8}.Release|Any CPU.Build.0 = Release|Any CPU
	EndGlobalSection
	GlobalSection(SolutionProperties) = preSolution
		HideSolutionNode = FALSE
	EndGlobalSection
	GlobalSection(ExtensibilityGlobals) = postSolution
		SolutionGuid = {748395AB-C452-43C6-9FD1-B6201F4B6B1D}
	EndGlobalSection
EndGlobal
