
Microsoft Visual Studio Solution File, Format Version 12.00
# Visual Studio Version 16
VisualStudioVersion = 16.0.29613.14
MinimumVisualStudioVersion = 10.0.40219.1
Project("{FAE04EC0-301F-11D3-BF4B-00C04F79EFBC}") = "Practical 3_4", "Practical 3_4\Practical 3_4.csproj", "{DC970E01-A021-4EE8-8D49-69965D489C17}"
EndProject
Global
	GlobalSection(SolutionConfigurationPlatforms) = preSolution
		Debug|Any CPU = Debug|Any CPU
		Release|Any CPU = Release|Any CPU
	EndGlobalSection
	GlobalSection(ProjectConfigurationPlatforms) = postSolution
		{DC970E01-A021-4EE8-8D49-69965D489C17}.Debug|Any CPU.ActiveCfg = Debug|Any CPU
		{DC970E01-A021-4EE8-8D49-69965D489C17}.Debug|Any CPU.Build.0 = Debug|Any CPU
		{DC970E01-A021-4EE8-8D49-69965D489C17}.Release|Any CPU.ActiveCfg = Release|Any CPU
		{DC970E01-A021-4EE8-8D49-69965D489C17}.Release|Any CPU.Build.0 = Release|Any CPU
	EndGlobalSection
	GlobalSection(SolutionProperties) = preSolution
		HideSolutionNode = FALSE
	EndGlobalSection
	GlobalSection(ExtensibilityGlobals) = postSolution
		SolutionGuid = {E1B15BD3-5D2B-41B5-BCB8-3C806B91AC58}
	EndGlobalSection
EndGlobal
