
Microsoft Visual Studio Solution File, Format Version 12.00
# Visual Studio Version 16
VisualStudioVersion = 16.0.29613.14
MinimumVisualStudioVersion = 10.0.40219.1
Project("{FAE04EC0-301F-11D3-BF4B-00C04F79EFBC}") = "Practical 7", "Practical 7\Practical 7.csproj", "{08221B32-DB53-46B2-B3B1-D3CBEFADA345}"
EndProject
Global
	GlobalSection(SolutionConfigurationPlatforms) = preSolution
		Debug|Any CPU = Debug|Any CPU
		Release|Any CPU = Release|Any CPU
	EndGlobalSection
	GlobalSection(ProjectConfigurationPlatforms) = postSolution
		{08221B32-DB53-46B2-B3B1-D3CBEFADA345}.Debug|Any CPU.ActiveCfg = Debug|Any CPU
		{08221B32-DB53-46B2-B3B1-D3CBEFADA345}.Debug|Any CPU.Build.0 = Debug|Any CPU
		{08221B32-DB53-46B2-B3B1-D3CBEFADA345}.Release|Any CPU.ActiveCfg = Release|Any CPU
		{08221B32-DB53-46B2-B3B1-D3CBEFADA345}.Release|Any CPU.Build.0 = Release|Any CPU
	EndGlobalSection
	GlobalSection(SolutionProperties) = preSolution
		HideSolutionNode = FALSE
	EndGlobalSection
	GlobalSection(ExtensibilityGlobals) = postSolution
		SolutionGuid = {3057BA39-95E8-431E-936C-67237B2D912B}
	EndGlobalSection
EndGlobal
