
Microsoft Visual Studio Solution File, Format Version 12.00
# Visual Studio Version 16
VisualStudioVersion = 16.0.29613.14
MinimumVisualStudioVersion = 10.0.40219.1
Project("{FAE04EC0-301F-11D3-BF4B-00C04F79EFBC}") = "Practical 34", "Practical 34\Practical 34.csproj", "{789A6B1D-F39F-4DEB-9C19-9A5F61DEE8BD}"
EndProject
Global
	GlobalSection(SolutionConfigurationPlatforms) = preSolution
		Debug|Any CPU = Debug|Any CPU
		Release|Any CPU = Release|Any CPU
	EndGlobalSection
	GlobalSection(ProjectConfigurationPlatforms) = postSolution
		{789A6B1D-F39F-4DEB-9C19-9A5F61DEE8BD}.Debug|Any CPU.ActiveCfg = Debug|Any CPU
		{789A6B1D-F39F-4DEB-9C19-9A5F61DEE8BD}.Debug|Any CPU.Build.0 = Debug|Any CPU
		{789A6B1D-F39F-4DEB-9C19-9A5F61DEE8BD}.Release|Any CPU.ActiveCfg = Release|Any CPU
		{789A6B1D-F39F-4DEB-9C19-9A5F61DEE8BD}.Release|Any CPU.Build.0 = Release|Any CPU
	EndGlobalSection
	GlobalSection(SolutionProperties) = preSolution
		HideSolutionNode = FALSE
	EndGlobalSection
	GlobalSection(ExtensibilityGlobals) = postSolution
		SolutionGuid = {946B9592-1B3D-46B9-8C8C-AA783CCE7E78}
	EndGlobalSection
EndGlobal
