
Microsoft Visual Studio Solution File, Format Version 12.00
# Visual Studio Version 16
VisualStudioVersion = 16.0.29613.14
MinimumVisualStudioVersion = 10.0.40219.1
Project("{FAE04EC0-301F-11D3-BF4B-00C04F79EFBC}") = "Practical 2", "Practical 2\Practical 2.csproj", "{1A34C60D-B699-46C0-A7ED-8AFA296FF372}"
EndProject
Global
	GlobalSection(SolutionConfigurationPlatforms) = preSolution
		Debug|Any CPU = Debug|Any CPU
		Release|Any CPU = Release|Any CPU
	EndGlobalSection
	GlobalSection(ProjectConfigurationPlatforms) = postSolution
		{1A34C60D-B699-46C0-A7ED-8AFA296FF372}.Debug|Any CPU.ActiveCfg = Debug|Any CPU
		{1A34C60D-B699-46C0-A7ED-8AFA296FF372}.Debug|Any CPU.Build.0 = Debug|Any CPU
		{1A34C60D-B699-46C0-A7ED-8AFA296FF372}.Release|Any CPU.ActiveCfg = Release|Any CPU
		{1A34C60D-B699-46C0-A7ED-8AFA296FF372}.Release|Any CPU.Build.0 = Release|Any CPU
	EndGlobalSection
	GlobalSection(SolutionProperties) = preSolution
		HideSolutionNode = FALSE
	EndGlobalSection
	GlobalSection(ExtensibilityGlobals) = postSolution
		SolutionGuid = {58D8A919-3F4C-4405-84E9-FA5937E77ED0}
	EndGlobalSection
EndGlobal
